github.com/RyosukeCla/go-playground/pkg/adt/bstree v0.0.0-20191010124552-9037e627408a h1:SlFEV2Wvc/PmQEbi930uOBvN1taFMBlb5ZlImAF1Kgc=
github.com/RyosukeCla/go-playground/pkg/adt/bstree v0.0.0-20191010124552-9037e627408a/go.mod h1:NXHod+Mi5WXV8JP5cHuRTzfHDTLvKombe+k/tmqYNS8=
github.com/RyosukeCla/go-playground/pkg/adt/treap v0.0.0-20191010124552-9037e627408a h1:pCAYdRG0ogMqBE9BSzW0jqgj3WyVwm+f8neci1lLYMs=
github.com/RyosukeCla/go-playground/pkg/adt/treap v0.0.0-20191010124552-9037e627408a/go.mod h1:DBhpy+kQffzYriQgLwV/Z7zjdpnX88n1Vl6VZSmO8Cc=
